
Microsoft Visual Studio Solution File, Format Version 12.00
Project("{FAE04EC0-301F-11D3-BF4B-00C04F79EFBC}") = "GameBacklog", "GameBacklog\GameBacklog.csproj", "{C76D1D7F-6A91-4427-905A-AB60963F7CB2}"
EndProject
Global
	GlobalSection(SolutionConfigurationPlatforms) = preSolution
		Debug|Any CPU = Debug|Any CPU
		Release|Any CPU = Release|Any CPU
	EndGlobalSection
	GlobalSection(ProjectConfigurationPlatforms) = postSolution
		{C76D1D7F-6A91-4427-905A-AB60963F7CB2}.Debug|Any CPU.ActiveCfg = Debug|Any CPU
		{C76D1D7F-6A91-4427-905A-AB60963F7CB2}.Debug|Any CPU.Build.0 = Debug|Any CPU
		{C76D1D7F-6A91-4427-905A-AB60963F7CB2}.Release|Any CPU.ActiveCfg = Release|Any CPU
		{C76D1D7F-6A91-4427-905A-AB60963F7CB2}.Release|Any CPU.Build.0 = Release|Any CPU
	EndGlobalSection
EndGlobal
